
Microsoft Visual Studio Solution File, Format Version 12.00
# Visual Studio 15
VisualStudioVersion = 15.0.27004.2006
MinimumVisualStudioVersion = 10.0.40219.1
Project("{2150E333-8FDC-42A3-9474-1A3956D46DE8}") = "Solution Items", "Solution Items", "{5A2D2514-458A-4E9D-AC96-55A86753D95A}"
	ProjectSection(SolutionItems) = preProject
		README.md = README.md
	EndProjectSection
EndProject
Project("{FAE04EC0-301F-11D3-BF4B-00C04F79EFBC}") = "SimpleDbTests", "SimpleDbTests\SimpleDbTests.csproj", "{5FB77F9D-863C-4233-960D-711F086D5C05}"
EndProject
Project("{FAE04EC0-301F-11D3-BF4B-00C04F79EFBC}") = "SimpleDb.Shared", "SimpleDb.Shared\SimpleDb.Shared.csproj", "{F8D2A998-1B50-4886-AD6E-485374DBEB56}"
EndProject
Project("{FAE04EC0-301F-11D3-BF4B-00C04F79EFBC}") = "SimpleDb.Files", "SimpleDb.Files\SimpleDb.Files.csproj", "{02415C98-B92E-4852-B224-A73B9902F4A3}"
EndProject
Project("{FAE04EC0-301F-11D3-BF4B-00C04F79EFBC}") = "SimpleDb.Sql", "SimpleDb.Sql\SimpleDb.Sql.csproj", "{22684E08-EC5B-482E-90E3-D3A7C4FCCF3A}"
EndProject
Project("{FAE04EC0-301F-11D3-BF4B-00C04F79EFBC}") = "SimpleDb.MsSql", "SimpleDb.MsSql\SimpleDb.MsSql.csproj", "{0DD21056-8E5D-45E2-8B71-3C9E6157B8E1}"
EndProject
Project("{FAE04EC0-301F-11D3-BF4B-00C04F79EFBC}") = "SimpleDb.MySql", "SimpleDb.MySql\SimpleDb.MySql.csproj", "{79EED3E2-411A-4506-9384-68153CE84C10}"
EndProject
Project("{FAE04EC0-301F-11D3-BF4B-00C04F79EFBC}") = "SimpleDb.SqLite", "SimpleDb.SqLite\SimpleDb.SqLite.csproj", "{20C4A535-6EA8-4409-B788-9100018F7415}"
EndProject
Project("{FAE04EC0-301F-11D3-BF4B-00C04F79EFBC}") = "SimpleDb.PgSql", "SimpleDb.PgSql\SimpleDb.PgSql.csproj", "{ACA5F995-B3F0-404A-831A-C507FA27A09C}"
EndProject
Project("{FAE04EC0-301F-11D3-BF4B-00C04F79EFBC}") = "SimpleDb.Extensions.Lookups", "SimpleDb.Extensions.Lookups\SimpleDb.Extensions.Lookups.csproj", "{157DBD82-5EA3-4E7C-A10C-BDC39F62B93E}"
EndProject
Global
	GlobalSection(SolutionConfigurationPlatforms) = preSolution
		Debug|Any CPU = Debug|Any CPU
		Release|Any CPU = Release|Any CPU
	EndGlobalSection
	GlobalSection(ProjectConfigurationPlatforms) = postSolution
		{5FB77F9D-863C-4233-960D-711F086D5C05}.Debug|Any CPU.ActiveCfg = Debug|Any CPU
		{5FB77F9D-863C-4233-960D-711F086D5C05}.Debug|Any CPU.Build.0 = Debug|Any CPU
		{5FB77F9D-863C-4233-960D-711F086D5C05}.Release|Any CPU.ActiveCfg = Release|Any CPU
		{5FB77F9D-863C-4233-960D-711F086D5C05}.Release|Any CPU.Build.0 = Release|Any CPU
		{F8D2A998-1B50-4886-AD6E-485374DBEB56}.Debug|Any CPU.ActiveCfg = Debug|Any CPU
		{F8D2A998-1B50-4886-AD6E-485374DBEB56}.Debug|Any CPU.Build.0 = Debug|Any CPU
		{F8D2A998-1B50-4886-AD6E-485374DBEB56}.Release|Any CPU.ActiveCfg = Release|Any CPU
		{F8D2A998-1B50-4886-AD6E-485374DBEB56}.Release|Any CPU.Build.0 = Release|Any CPU
		{02415C98-B92E-4852-B224-A73B9902F4A3}.Debug|Any CPU.ActiveCfg = Debug|Any CPU
		{02415C98-B92E-4852-B224-A73B9902F4A3}.Debug|Any CPU.Build.0 = Debug|Any CPU
		{02415C98-B92E-4852-B224-A73B9902F4A3}.Release|Any CPU.ActiveCfg = Release|Any CPU
		{02415C98-B92E-4852-B224-A73B9902F4A3}.Release|Any CPU.Build.0 = Release|Any CPU
		{22684E08-EC5B-482E-90E3-D3A7C4FCCF3A}.Debug|Any CPU.ActiveCfg = Debug|Any CPU
		{22684E08-EC5B-482E-90E3-D3A7C4FCCF3A}.Debug|Any CPU.Build.0 = Debug|Any CPU
		{22684E08-EC5B-482E-90E3-D3A7C4FCCF3A}.Release|Any CPU.ActiveCfg = Release|Any CPU
		{22684E08-EC5B-482E-90E3-D3A7C4FCCF3A}.Release|Any CPU.Build.0 = Release|Any CPU
		{0DD21056-8E5D-45E2-8B71-3C9E6157B8E1}.Debug|Any CPU.ActiveCfg = Debug|Any CPU
		{0DD21056-8E5D-45E2-8B71-3C9E6157B8E1}.Debug|Any CPU.Build.0 = Debug|Any CPU
		{0DD21056-8E5D-45E2-8B71-3C9E6157B8E1}.Release|Any CPU.ActiveCfg = Release|Any CPU
		{0DD21056-8E5D-45E2-8B71-3C9E6157B8E1}.Release|Any CPU.Build.0 = Release|Any CPU
		{79EED3E2-411A-4506-9384-68153CE84C10}.Debug|Any CPU.ActiveCfg = Debug|Any CPU
		{79EED3E2-411A-4506-9384-68153CE84C10}.Debug|Any CPU.Build.0 = Debug|Any CPU
		{79EED3E2-411A-4506-9384-68153CE84C10}.Release|Any CPU.ActiveCfg = Release|Any CPU
		{79EED3E2-411A-4506-9384-68153CE84C10}.Release|Any CPU.Build.0 = Release|Any CPU
		{20C4A535-6EA8-4409-B788-9100018F7415}.Debug|Any CPU.ActiveCfg = Debug|Any CPU
		{20C4A535-6EA8-4409-B788-9100018F7415}.Debug|Any CPU.Build.0 = Debug|Any CPU
		{20C4A535-6EA8-4409-B788-9100018F7415}.Release|Any CPU.ActiveCfg = Release|Any CPU
		{20C4A535-6EA8-4409-B788-9100018F7415}.Release|Any CPU.Build.0 = Release|Any CPU
		{ACA5F995-B3F0-404A-831A-C507FA27A09C}.Debug|Any CPU.ActiveCfg = Debug|Any CPU
		{ACA5F995-B3F0-404A-831A-C507FA27A09C}.Debug|Any CPU.Build.0 = Debug|Any CPU
		{ACA5F995-B3F0-404A-831A-C507FA27A09C}.Release|Any CPU.ActiveCfg = Release|Any CPU
		{ACA5F995-B3F0-404A-831A-C507FA27A09C}.Release|Any CPU.Build.0 = Release|Any CPU
		{157DBD82-5EA3-4E7C-A10C-BDC39F62B93E}.Debug|Any CPU.ActiveCfg = Debug|Any CPU
		{157DBD82-5EA3-4E7C-A10C-BDC39F62B93E}.Debug|Any CPU.Build.0 = Debug|Any CPU
		{157DBD82-5EA3-4E7C-A10C-BDC39F62B93E}.Release|Any CPU.ActiveCfg = Release|Any CPU
		{157DBD82-5EA3-4E7C-A10C-BDC39F62B93E}.Release|Any CPU.Build.0 = Release|Any CPU
	EndGlobalSection
	GlobalSection(SolutionProperties) = preSolution
		HideSolutionNode = FALSE
	EndGlobalSection
	GlobalSection(ExtensibilityGlobals) = postSolution
		SolutionGuid = {CFBC2D04-EF91-47C6-90F7-B4A4A16A896E}
	EndGlobalSection
EndGlobal
